
Microsoft Visual Studio Solution File, Format Version 12.00
Project("{FAE04EC0-301F-11D3-BF4B-00C04F79EFBC}") = "SPTRecoilReworkServerMod", "SPTRecoilReworkServerMod.csproj", "{D6E08431-D373-4BF5-AF44-37968B624943}"
EndProject
Global
	GlobalSection(SolutionConfigurationPlatforms) = preSolution
		Debug|Any CPU = Debug|Any CPU
		Release|Any CPU = Release|Any CPU
	EndGlobalSection
	GlobalSection(ProjectConfigurationPlatforms) = postSolution
		{D6E08431-D373-4BF5-AF44-37968B624943}.Debug|Any CPU.ActiveCfg = Debug|Any CPU
		{D6E08431-D373-4BF5-AF44-37968B624943}.Debug|Any CPU.Build.0 = Debug|Any CPU
		{D6E08431-D373-4BF5-AF44-37968B624943}.Release|Any CPU.ActiveCfg = Release|Any CPU
		{D6E08431-D373-4BF5-AF44-37968B624943}.Release|Any CPU.Build.0 = Release|Any CPU
	EndGlobalSection
EndGlobal
